
Microsoft Visual Studio Solution File, Format Version 12.00
# Visual Studio 14
VisualStudioVersion = 14.0.25420.1
MinimumVisualStudioVersion = 10.0.40219.1
Project("{FAE04EC0-301F-11D3-BF4B-00C04F79EFBC}") = "Legross", "Legross\Legross.csproj", "{A8BA1066-5695-4D71-ABB4-65E5A5E0C3D4}"
EndProject
Project("{FAE04EC0-301F-11D3-BF4B-00C04F79EFBC}") = "Legross.ChatClient", "Legross.ChatClient\Legross.ChatClient.csproj", "{396758AE-6B97-4F23-B796-812D77652D66}"
EndProject
Project("{FAE04EC0-301F-11D3-BF4B-00C04F79EFBC}") = "Legross.Audio", "Legross.Audio\Legross.Audio.csproj", "{20DB3EAE-359A-4EBE-8C80-F2B574DEECB7}"
EndProject
Project("{FAE04EC0-301F-11D3-BF4B-00C04F79EFBC}") = "Legross.Audio.Core", "Legross.Audio.Core\Legross.Audio.Core.csproj", "{A409C591-713C-4754-8FEC-8E15C1AE6E2F}"
EndProject
Project("{FAE04EC0-301F-11D3-BF4B-00C04F79EFBC}") = "Legross.SpeechRecognition", "Legross.SpeechRecognition\Legross.SpeechRecognition.csproj", "{7128F239-5F29-4D6B-8711-8CBE96CE9275}"
EndProject
Global
	GlobalSection(SolutionConfigurationPlatforms) = preSolution
		Debug|Any CPU = Debug|Any CPU
		Release|Any CPU = Release|Any CPU
	EndGlobalSection
	GlobalSection(ProjectConfigurationPlatforms) = postSolution
		{A8BA1066-5695-4D71-ABB4-65E5A5E0C3D4}.Debug|Any CPU.ActiveCfg = Debug|Any CPU
		{A8BA1066-5695-4D71-ABB4-65E5A5E0C3D4}.Debug|Any CPU.Build.0 = Debug|Any CPU
		{A8BA1066-5695-4D71-ABB4-65E5A5E0C3D4}.Release|Any CPU.ActiveCfg = Release|Any CPU
		{A8BA1066-5695-4D71-ABB4-65E5A5E0C3D4}.Release|Any CPU.Build.0 = Release|Any CPU
		{396758AE-6B97-4F23-B796-812D77652D66}.Debug|Any CPU.ActiveCfg = Debug|Any CPU
		{396758AE-6B97-4F23-B796-812D77652D66}.Debug|Any CPU.Build.0 = Debug|Any CPU
		{396758AE-6B97-4F23-B796-812D77652D66}.Release|Any CPU.ActiveCfg = Release|Any CPU
		{396758AE-6B97-4F23-B796-812D77652D66}.Release|Any CPU.Build.0 = Release|Any CPU
		{20DB3EAE-359A-4EBE-8C80-F2B574DEECB7}.Debug|Any CPU.ActiveCfg = Debug|Any CPU
		{20DB3EAE-359A-4EBE-8C80-F2B574DEECB7}.Debug|Any CPU.Build.0 = Debug|Any CPU
		{20DB3EAE-359A-4EBE-8C80-F2B574DEECB7}.Release|Any CPU.ActiveCfg = Release|Any CPU
		{20DB3EAE-359A-4EBE-8C80-F2B574DEECB7}.Release|Any CPU.Build.0 = Release|Any CPU
		{A409C591-713C-4754-8FEC-8E15C1AE6E2F}.Debug|Any CPU.ActiveCfg = Debug|Any CPU
		{A409C591-713C-4754-8FEC-8E15C1AE6E2F}.Debug|Any CPU.Build.0 = Debug|Any CPU
		{A409C591-713C-4754-8FEC-8E15C1AE6E2F}.Release|Any CPU.ActiveCfg = Release|Any CPU
		{A409C591-713C-4754-8FEC-8E15C1AE6E2F}.Release|Any CPU.Build.0 = Release|Any CPU
		{7128F239-5F29-4D6B-8711-8CBE96CE9275}.Debug|Any CPU.ActiveCfg = Debug|Any CPU
		{7128F239-5F29-4D6B-8711-8CBE96CE9275}.Debug|Any CPU.Build.0 = Debug|Any CPU
		{7128F239-5F29-4D6B-8711-8CBE96CE9275}.Release|Any CPU.ActiveCfg = Release|Any CPU
		{7128F239-5F29-4D6B-8711-8CBE96CE9275}.Release|Any CPU.Build.0 = Release|Any CPU
	EndGlobalSection
	GlobalSection(SolutionProperties) = preSolution
		HideSolutionNode = FALSE
	EndGlobalSection
EndGlobal
